
Microsoft Visual Studio Solution File, Format Version 12.00
# Visual Studio Version 17
VisualStudioVersion = 17.4.33103.184
MinimumVisualStudioVersion = 10.0.40219.1
Project("{FAE04EC0-301F-11D3-BF4B-00C04F79EFBC}") = "OdataExample", "OdataExample\OdataExample.csproj", "{F7716912-02A7-4A29-9B01-DCA5697C969A}"
EndProject
Global
	GlobalSection(SolutionConfigurationPlatforms) = preSolution
		Debug|Any CPU = Debug|Any CPU
		Release|Any CPU = Release|Any CPU
	EndGlobalSection
	GlobalSection(ProjectConfigurationPlatforms) = postSolution
		{F7716912-02A7-4A29-9B01-DCA5697C969A}.Debug|Any CPU.ActiveCfg = Debug|Any CPU
		{F7716912-02A7-4A29-9B01-DCA5697C969A}.Debug|Any CPU.Build.0 = Debug|Any CPU
		{F7716912-02A7-4A29-9B01-DCA5697C969A}.Release|Any CPU.ActiveCfg = Release|Any CPU
		{F7716912-02A7-4A29-9B01-DCA5697C969A}.Release|Any CPU.Build.0 = Release|Any CPU
	EndGlobalSection
	GlobalSection(SolutionProperties) = preSolution
		HideSolutionNode = FALSE
	EndGlobalSection
	GlobalSection(ExtensibilityGlobals) = postSolution
		SolutionGuid = {C0FE2BD9-370A-45E3-B290-79D65BF393FF}
	EndGlobalSection
EndGlobal
